
Microsoft Visual Studio Solution File, Format Version 12.00
# Visual Studio Version 17
VisualStudioVersion = 17.3.32929.385
MinimumVisualStudioVersion = 10.0.40219.1
Project("{2150E333-8FDC-42A3-9474-1A3956D46DE8}") = "Solution Items", "Solution Items", "{4A3E82ED-0AB5-4F57-9026-46F9A59CC349}"
	ProjectSection(SolutionItems) = preProject
		.editorconfig = .editorconfig
	EndProjectSection
EndProject
Project("{2150E333-8FDC-42A3-9474-1A3956D46DE8}") = "src", "src", "{22825D8D-6B3D-40DF-96CD-9D904491CD80}"
EndProject
Project("{2150E333-8FDC-42A3-9474-1A3956D46DE8}") = "test", "test", "{8DC74A1E-FE73-4C1E-9DC0-7E9DE75DF1E6}"
EndProject
Project("{9A19103F-16F7-4668-BE54-9A1E7A4F7556}") = "aclif.framework", "src\aclif.framework\aclif.framework.csproj", "{1F4A8D8D-2394-4BC6-B337-E18B3F0D4B1A}"
EndProject
Project("{9A19103F-16F7-4668-BE54-9A1E7A4F7556}") = "aclif.dotnet", "src\aclif.dotnet\aclif.dotnet.csproj", "{05D4F99D-AC3F-4A0A-8BD9-43BB1E521910}"
EndProject
Project("{9A19103F-16F7-4668-BE54-9A1E7A4F7556}") = "anyco.cli", "test\anyco.cli\anyco.cli.csproj", "{535E08B3-8583-4534-B440-F48367242D53}"
EndProject
Project("{9A19103F-16F7-4668-BE54-9A1E7A4F7556}") = "anyco.module1", "test\anyco.cli.module1\anyco.module1.csproj", "{C913F802-A613-4A18-B1B3-6D038DA6D907}"
	ProjectSection(ProjectDependencies) = postProject
		{1F4A8D8D-2394-4BC6-B337-E18B3F0D4B1A} = {1F4A8D8D-2394-4BC6-B337-E18B3F0D4B1A}
	EndProjectSection
EndProject
Project("{9A19103F-16F7-4668-BE54-9A1E7A4F7556}") = "anyco.module2", "test\anyco.cli.module2\anyco.module2.csproj", "{34BFC832-B639-4BF3-9858-752AA6D601E4}"
	ProjectSection(ProjectDependencies) = postProject
		{1F4A8D8D-2394-4BC6-B337-E18B3F0D4B1A} = {1F4A8D8D-2394-4BC6-B337-E18B3F0D4B1A}
	EndProjectSection
EndProject
Project("{9A19103F-16F7-4668-BE54-9A1E7A4F7556}") = "aclif.msbuild", "src\aclif.msbuild\aclif.msbuild.csproj", "{141CE270-7A10-471E-9ECF-E003B338F1EF}"
EndProject
Project("{FAE04EC0-301F-11D3-BF4B-00C04F79EFBC}") = "aclif.root", "src\aclif.root\aclif.root.csproj", "{BEA6D3BB-94FD-440D-913B-471CE341EE9A}"
EndProject
Project("{FAE04EC0-301F-11D3-BF4B-00C04F79EFBC}") = "aclif.extensions", "src\aclif.extensions\aclif.extensions.csproj", "{FF4B9B7F-EE30-41B5-A26C-A059AC5C2D73}"
EndProject
Project("{FAE04EC0-301F-11D3-BF4B-00C04F79EFBC}") = "aclif.shell", "src\aclif.shell\aclif.shell.csproj", "{67AABF83-BD35-4AB4-9273-7B73F9E2948D}"
EndProject
Project("{FAE04EC0-301F-11D3-BF4B-00C04F79EFBC}") = "aclif.host", "src\aclif.host\aclif.host.csproj", "{78553095-081B-4276-8FFB-27A990D34DBB}"
EndProject
Project("{FAE04EC0-301F-11D3-BF4B-00C04F79EFBC}") = "aclif.stdio", "src\aclif.stdio\aclif.stdio.csproj", "{882F1102-6EA5-48F5-8CC6-BC8FC5B7673B}"
EndProject
Project("{FAE04EC0-301F-11D3-BF4B-00C04F79EFBC}") = "aclif.ComponentModel", "src\aclif.ComponentModel\aclif.ComponentModel.csproj", "{626901A0-EEA3-4DAD-8632-1B9F95E8449E}"
EndProject
Project("{FAE04EC0-301F-11D3-BF4B-00C04F79EFBC}") = "aclif.composition", "aclif.composition\aclif.composition.csproj", "{7AFAB9D6-42F0-4D3D-BC99-CA0D0377DC57}"
EndProject
Project("{FAE04EC0-301F-11D3-BF4B-00C04F79EFBC}") = "aclif.Interface", "src\aclif.interface\aclif.Interface.csproj", "{9180CDF8-6065-45F4-A4E7-E839A2B272D9}"
EndProject
Project("{FAE04EC0-301F-11D3-BF4B-00C04F79EFBC}") = "aclif.core", "aclif.core\aclif.core.csproj", "{DBDCDD73-6747-46D7-98D4-47F6A44A16B8}"
EndProject
Project("{FAE04EC0-301F-11D3-BF4B-00C04F79EFBC}") = "aclif.help.Interface", "src\aclif.help.interface\aclif.help.Interface.csproj", "{A05569D3-0541-452C-9278-EA05958B14CF}"
EndProject
Project("{FAE04EC0-301F-11D3-BF4B-00C04F79EFBC}") = "aclif.help", "src\aclif.help\aclif.help.csproj", "{A6E502CA-8C14-49FE-8A84-B0538F682D86}"
EndProject
Project("{FAE04EC0-301F-11D3-BF4B-00C04F79EFBC}") = "aclif.results", "src\aclif.results\aclif.results.csproj", "{9B4F93E5-201A-43AB-BC88-C3261FA5B465}"
EndProject
Project("{FAE04EC0-301F-11D3-BF4B-00C04F79EFBC}") = "aclif.logging", "src\aclif.logging\aclif.logging.csproj", "{CB1610F7-956F-4BD5-BA49-66DF6DF84EAB}"
EndProject
Project("{FAE04EC0-301F-11D3-BF4B-00C04F79EFBC}") = "aclif.ThirdParty", "src\aclif.ThirdParty\aclif.ThirdParty.csproj", "{477CBB82-A127-4FB6-BF88-E623F6A095C5}"
EndProject
Project("{FAE04EC0-301F-11D3-BF4B-00C04F79EFBC}") = "aclif.module", "src\aclif.module\aclif.module.csproj", "{EFBA7E44-7FCB-48CB-838E-293C41FA2916}"
EndProject
Project("{FAE04EC0-301F-11D3-BF4B-00C04F79EFBC}") = "aclif.attributes", "src\aclif.attributes\aclif.attributes.csproj", "{1D7547E9-3B76-4F01-8B79-2DB9D8B0B8CE}"
EndProject
Project("{FAE04EC0-301F-11D3-BF4B-00C04F79EFBC}") = "aclif.help.extensions", "src\aclif.help.extensions\aclif.help.extensions.csproj", "{50201FB5-BDA4-49EA-BB40-0BE88C63245C}"
EndProject
Global
	GlobalSection(SolutionConfigurationPlatforms) = preSolution
		Debug|Any CPU = Debug|Any CPU
		Release|Any CPU = Release|Any CPU
	EndGlobalSection
	GlobalSection(ProjectConfigurationPlatforms) = postSolution
		{1F4A8D8D-2394-4BC6-B337-E18B3F0D4B1A}.Debug|Any CPU.ActiveCfg = Debug|Any CPU
		{1F4A8D8D-2394-4BC6-B337-E18B3F0D4B1A}.Debug|Any CPU.Build.0 = Debug|Any CPU
		{1F4A8D8D-2394-4BC6-B337-E18B3F0D4B1A}.Release|Any CPU.ActiveCfg = Release|Any CPU
		{1F4A8D8D-2394-4BC6-B337-E18B3F0D4B1A}.Release|Any CPU.Build.0 = Release|Any CPU
		{05D4F99D-AC3F-4A0A-8BD9-43BB1E521910}.Debug|Any CPU.ActiveCfg = Debug|Any CPU
		{05D4F99D-AC3F-4A0A-8BD9-43BB1E521910}.Debug|Any CPU.Build.0 = Debug|Any CPU
		{05D4F99D-AC3F-4A0A-8BD9-43BB1E521910}.Release|Any CPU.ActiveCfg = Release|Any CPU
		{05D4F99D-AC3F-4A0A-8BD9-43BB1E521910}.Release|Any CPU.Build.0 = Release|Any CPU
		{535E08B3-8583-4534-B440-F48367242D53}.Debug|Any CPU.ActiveCfg = Debug|Any CPU
		{535E08B3-8583-4534-B440-F48367242D53}.Debug|Any CPU.Build.0 = Debug|Any CPU
		{535E08B3-8583-4534-B440-F48367242D53}.Release|Any CPU.ActiveCfg = Release|Any CPU
		{535E08B3-8583-4534-B440-F48367242D53}.Release|Any CPU.Build.0 = Release|Any CPU
		{C913F802-A613-4A18-B1B3-6D038DA6D907}.Debug|Any CPU.ActiveCfg = Debug|Any CPU
		{C913F802-A613-4A18-B1B3-6D038DA6D907}.Debug|Any CPU.Build.0 = Debug|Any CPU
		{C913F802-A613-4A18-B1B3-6D038DA6D907}.Release|Any CPU.ActiveCfg = Release|Any CPU
		{C913F802-A613-4A18-B1B3-6D038DA6D907}.Release|Any CPU.Build.0 = Release|Any CPU
		{34BFC832-B639-4BF3-9858-752AA6D601E4}.Debug|Any CPU.ActiveCfg = Debug|Any CPU
		{34BFC832-B639-4BF3-9858-752AA6D601E4}.Debug|Any CPU.Build.0 = Debug|Any CPU
		{34BFC832-B639-4BF3-9858-752AA6D601E4}.Release|Any CPU.ActiveCfg = Release|Any CPU
		{34BFC832-B639-4BF3-9858-752AA6D601E4}.Release|Any CPU.Build.0 = Release|Any CPU
		{141CE270-7A10-471E-9ECF-E003B338F1EF}.Debug|Any CPU.ActiveCfg = Debug|Any CPU
		{141CE270-7A10-471E-9ECF-E003B338F1EF}.Debug|Any CPU.Build.0 = Debug|Any CPU
		{141CE270-7A10-471E-9ECF-E003B338F1EF}.Release|Any CPU.ActiveCfg = Release|Any CPU
		{141CE270-7A10-471E-9ECF-E003B338F1EF}.Release|Any CPU.Build.0 = Release|Any CPU
		{BEA6D3BB-94FD-440D-913B-471CE341EE9A}.Debug|Any CPU.ActiveCfg = Debug|Any CPU
		{BEA6D3BB-94FD-440D-913B-471CE341EE9A}.Debug|Any CPU.Build.0 = Debug|Any CPU
		{BEA6D3BB-94FD-440D-913B-471CE341EE9A}.Release|Any CPU.ActiveCfg = Release|Any CPU
		{BEA6D3BB-94FD-440D-913B-471CE341EE9A}.Release|Any CPU.Build.0 = Release|Any CPU
		{FF4B9B7F-EE30-41B5-A26C-A059AC5C2D73}.Debug|Any CPU.ActiveCfg = Debug|Any CPU
		{FF4B9B7F-EE30-41B5-A26C-A059AC5C2D73}.Debug|Any CPU.Build.0 = Debug|Any CPU
		{FF4B9B7F-EE30-41B5-A26C-A059AC5C2D73}.Release|Any CPU.ActiveCfg = Release|Any CPU
		{FF4B9B7F-EE30-41B5-A26C-A059AC5C2D73}.Release|Any CPU.Build.0 = Release|Any CPU
		{67AABF83-BD35-4AB4-9273-7B73F9E2948D}.Debug|Any CPU.ActiveCfg = Debug|Any CPU
		{67AABF83-BD35-4AB4-9273-7B73F9E2948D}.Debug|Any CPU.Build.0 = Debug|Any CPU
		{67AABF83-BD35-4AB4-9273-7B73F9E2948D}.Release|Any CPU.ActiveCfg = Release|Any CPU
		{67AABF83-BD35-4AB4-9273-7B73F9E2948D}.Release|Any CPU.Build.0 = Release|Any CPU
		{78553095-081B-4276-8FFB-27A990D34DBB}.Debug|Any CPU.ActiveCfg = Debug|Any CPU
		{78553095-081B-4276-8FFB-27A990D34DBB}.Debug|Any CPU.Build.0 = Debug|Any CPU
		{78553095-081B-4276-8FFB-27A990D34DBB}.Release|Any CPU.ActiveCfg = Release|Any CPU
		{78553095-081B-4276-8FFB-27A990D34DBB}.Release|Any CPU.Build.0 = Release|Any CPU
		{882F1102-6EA5-48F5-8CC6-BC8FC5B7673B}.Debug|Any CPU.ActiveCfg = Debug|Any CPU
		{882F1102-6EA5-48F5-8CC6-BC8FC5B7673B}.Debug|Any CPU.Build.0 = Debug|Any CPU
		{882F1102-6EA5-48F5-8CC6-BC8FC5B7673B}.Release|Any CPU.ActiveCfg = Release|Any CPU
		{882F1102-6EA5-48F5-8CC6-BC8FC5B7673B}.Release|Any CPU.Build.0 = Release|Any CPU
		{626901A0-EEA3-4DAD-8632-1B9F95E8449E}.Debug|Any CPU.ActiveCfg = Debug|Any CPU
		{626901A0-EEA3-4DAD-8632-1B9F95E8449E}.Debug|Any CPU.Build.0 = Debug|Any CPU
		{626901A0-EEA3-4DAD-8632-1B9F95E8449E}.Release|Any CPU.ActiveCfg = Release|Any CPU
		{626901A0-EEA3-4DAD-8632-1B9F95E8449E}.Release|Any CPU.Build.0 = Release|Any CPU
		{7AFAB9D6-42F0-4D3D-BC99-CA0D0377DC57}.Debug|Any CPU.ActiveCfg = Debug|Any CPU
		{7AFAB9D6-42F0-4D3D-BC99-CA0D0377DC57}.Debug|Any CPU.Build.0 = Debug|Any CPU
		{7AFAB9D6-42F0-4D3D-BC99-CA0D0377DC57}.Release|Any CPU.ActiveCfg = Release|Any CPU
		{7AFAB9D6-42F0-4D3D-BC99-CA0D0377DC57}.Release|Any CPU.Build.0 = Release|Any CPU
		{9180CDF8-6065-45F4-A4E7-E839A2B272D9}.Debug|Any CPU.ActiveCfg = Debug|Any CPU
		{9180CDF8-6065-45F4-A4E7-E839A2B272D9}.Debug|Any CPU.Build.0 = Debug|Any CPU
		{9180CDF8-6065-45F4-A4E7-E839A2B272D9}.Release|Any CPU.ActiveCfg = Release|Any CPU
		{9180CDF8-6065-45F4-A4E7-E839A2B272D9}.Release|Any CPU.Build.0 = Release|Any CPU
		{DBDCDD73-6747-46D7-98D4-47F6A44A16B8}.Debug|Any CPU.ActiveCfg = Debug|Any CPU
		{DBDCDD73-6747-46D7-98D4-47F6A44A16B8}.Debug|Any CPU.Build.0 = Debug|Any CPU
		{DBDCDD73-6747-46D7-98D4-47F6A44A16B8}.Release|Any CPU.ActiveCfg = Release|Any CPU
		{DBDCDD73-6747-46D7-98D4-47F6A44A16B8}.Release|Any CPU.Build.0 = Release|Any CPU
		{A05569D3-0541-452C-9278-EA05958B14CF}.Debug|Any CPU.ActiveCfg = Debug|Any CPU
		{A05569D3-0541-452C-9278-EA05958B14CF}.Debug|Any CPU.Build.0 = Debug|Any CPU
		{A05569D3-0541-452C-9278-EA05958B14CF}.Release|Any CPU.ActiveCfg = Release|Any CPU
		{A05569D3-0541-452C-9278-EA05958B14CF}.Release|Any CPU.Build.0 = Release|Any CPU
		{A6E502CA-8C14-49FE-8A84-B0538F682D86}.Debug|Any CPU.ActiveCfg = Debug|Any CPU
		{A6E502CA-8C14-49FE-8A84-B0538F682D86}.Debug|Any CPU.Build.0 = Debug|Any CPU
		{A6E502CA-8C14-49FE-8A84-B0538F682D86}.Release|Any CPU.ActiveCfg = Release|Any CPU
		{A6E502CA-8C14-49FE-8A84-B0538F682D86}.Release|Any CPU.Build.0 = Release|Any CPU
		{9B4F93E5-201A-43AB-BC88-C3261FA5B465}.Debug|Any CPU.ActiveCfg = Debug|Any CPU
		{9B4F93E5-201A-43AB-BC88-C3261FA5B465}.Debug|Any CPU.Build.0 = Debug|Any CPU
		{9B4F93E5-201A-43AB-BC88-C3261FA5B465}.Release|Any CPU.ActiveCfg = Release|Any CPU
		{9B4F93E5-201A-43AB-BC88-C3261FA5B465}.Release|Any CPU.Build.0 = Release|Any CPU
		{CB1610F7-956F-4BD5-BA49-66DF6DF84EAB}.Debug|Any CPU.ActiveCfg = Debug|Any CPU
		{CB1610F7-956F-4BD5-BA49-66DF6DF84EAB}.Debug|Any CPU.Build.0 = Debug|Any CPU
		{CB1610F7-956F-4BD5-BA49-66DF6DF84EAB}.Release|Any CPU.ActiveCfg = Release|Any CPU
		{CB1610F7-956F-4BD5-BA49-66DF6DF84EAB}.Release|Any CPU.Build.0 = Release|Any CPU
		{477CBB82-A127-4FB6-BF88-E623F6A095C5}.Debug|Any CPU.ActiveCfg = Debug|Any CPU
		{477CBB82-A127-4FB6-BF88-E623F6A095C5}.Debug|Any CPU.Build.0 = Debug|Any CPU
		{477CBB82-A127-4FB6-BF88-E623F6A095C5}.Release|Any CPU.ActiveCfg = Release|Any CPU
		{477CBB82-A127-4FB6-BF88-E623F6A095C5}.Release|Any CPU.Build.0 = Release|Any CPU
		{EFBA7E44-7FCB-48CB-838E-293C41FA2916}.Debug|Any CPU.ActiveCfg = Debug|Any CPU
		{EFBA7E44-7FCB-48CB-838E-293C41FA2916}.Debug|Any CPU.Build.0 = Debug|Any CPU
		{EFBA7E44-7FCB-48CB-838E-293C41FA2916}.Release|Any CPU.ActiveCfg = Release|Any CPU
		{EFBA7E44-7FCB-48CB-838E-293C41FA2916}.Release|Any CPU.Build.0 = Release|Any CPU
		{1D7547E9-3B76-4F01-8B79-2DB9D8B0B8CE}.Debug|Any CPU.ActiveCfg = Debug|Any CPU
		{1D7547E9-3B76-4F01-8B79-2DB9D8B0B8CE}.Debug|Any CPU.Build.0 = Debug|Any CPU
		{1D7547E9-3B76-4F01-8B79-2DB9D8B0B8CE}.Release|Any CPU.ActiveCfg = Release|Any CPU
		{1D7547E9-3B76-4F01-8B79-2DB9D8B0B8CE}.Release|Any CPU.Build.0 = Release|Any CPU
		{50201FB5-BDA4-49EA-BB40-0BE88C63245C}.Debug|Any CPU.ActiveCfg = Debug|Any CPU
		{50201FB5-BDA4-49EA-BB40-0BE88C63245C}.Debug|Any CPU.Build.0 = Debug|Any CPU
		{50201FB5-BDA4-49EA-BB40-0BE88C63245C}.Release|Any CPU.ActiveCfg = Release|Any CPU
		{50201FB5-BDA4-49EA-BB40-0BE88C63245C}.Release|Any CPU.Build.0 = Release|Any CPU
	EndGlobalSection
	GlobalSection(SolutionProperties) = preSolution
		HideSolutionNode = FALSE
	EndGlobalSection
	GlobalSection(NestedProjects) = preSolution
		{1F4A8D8D-2394-4BC6-B337-E18B3F0D4B1A} = {22825D8D-6B3D-40DF-96CD-9D904491CD80}
		{05D4F99D-AC3F-4A0A-8BD9-43BB1E521910} = {22825D8D-6B3D-40DF-96CD-9D904491CD80}
		{535E08B3-8583-4534-B440-F48367242D53} = {8DC74A1E-FE73-4C1E-9DC0-7E9DE75DF1E6}
		{C913F802-A613-4A18-B1B3-6D038DA6D907} = {8DC74A1E-FE73-4C1E-9DC0-7E9DE75DF1E6}
		{34BFC832-B639-4BF3-9858-752AA6D601E4} = {8DC74A1E-FE73-4C1E-9DC0-7E9DE75DF1E6}
		{141CE270-7A10-471E-9ECF-E003B338F1EF} = {22825D8D-6B3D-40DF-96CD-9D904491CD80}
		{BEA6D3BB-94FD-440D-913B-471CE341EE9A} = {22825D8D-6B3D-40DF-96CD-9D904491CD80}
		{FF4B9B7F-EE30-41B5-A26C-A059AC5C2D73} = {22825D8D-6B3D-40DF-96CD-9D904491CD80}
		{67AABF83-BD35-4AB4-9273-7B73F9E2948D} = {22825D8D-6B3D-40DF-96CD-9D904491CD80}
		{78553095-081B-4276-8FFB-27A990D34DBB} = {22825D8D-6B3D-40DF-96CD-9D904491CD80}
		{882F1102-6EA5-48F5-8CC6-BC8FC5B7673B} = {22825D8D-6B3D-40DF-96CD-9D904491CD80}
		{626901A0-EEA3-4DAD-8632-1B9F95E8449E} = {22825D8D-6B3D-40DF-96CD-9D904491CD80}
		{7AFAB9D6-42F0-4D3D-BC99-CA0D0377DC57} = {22825D8D-6B3D-40DF-96CD-9D904491CD80}
		{9180CDF8-6065-45F4-A4E7-E839A2B272D9} = {22825D8D-6B3D-40DF-96CD-9D904491CD80}
		{DBDCDD73-6747-46D7-98D4-47F6A44A16B8} = {22825D8D-6B3D-40DF-96CD-9D904491CD80}
		{A05569D3-0541-452C-9278-EA05958B14CF} = {22825D8D-6B3D-40DF-96CD-9D904491CD80}
		{A6E502CA-8C14-49FE-8A84-B0538F682D86} = {22825D8D-6B3D-40DF-96CD-9D904491CD80}
		{9B4F93E5-201A-43AB-BC88-C3261FA5B465} = {22825D8D-6B3D-40DF-96CD-9D904491CD80}
		{CB1610F7-956F-4BD5-BA49-66DF6DF84EAB} = {22825D8D-6B3D-40DF-96CD-9D904491CD80}
		{477CBB82-A127-4FB6-BF88-E623F6A095C5} = {22825D8D-6B3D-40DF-96CD-9D904491CD80}
		{EFBA7E44-7FCB-48CB-838E-293C41FA2916} = {22825D8D-6B3D-40DF-96CD-9D904491CD80}
		{1D7547E9-3B76-4F01-8B79-2DB9D8B0B8CE} = {22825D8D-6B3D-40DF-96CD-9D904491CD80}
		{50201FB5-BDA4-49EA-BB40-0BE88C63245C} = {22825D8D-6B3D-40DF-96CD-9D904491CD80}
	EndGlobalSection
	GlobalSection(ExtensibilityGlobals) = postSolution
		SolutionGuid = {4A52A0AB-EB8E-4218-9E8F-6C2AB281CA2B}
	EndGlobalSection
EndGlobal
